// !$*UTF8*$!
{
	archiveVersion = 1;
	classes = {
	};
	objectVersion = 46;
	objects = {

/* Begin PBXBuildFile section */
		DA0700191F0DA06B003BEE3D /* SwipeView.swift in Sources */ = {isa = PBXBuildFile; fileRef = DA0700181F0DA06B003BEE3D /* SwipeView.swift */; };
		DA07001B1F0DA0C2003BEE3D /* Utility.swift in Sources */ = {isa = PBXBuildFile; fileRef = DA07001A1F0DA0C2003BEE3D /* Utility.swift */; };
		DA07001D1F0DA15A003BEE3D /* WordPredictionEngine.swift in Sources */ = {isa = PBXBuildFile; fileRef = DA07001C1F0DA15A003BEE3D /* WordPredictionEngine.swift */; };
		DA07001F1F0DA72A003BEE3D /* WordList.csv in Resources */ = {isa = PBXBuildFile; fileRef = DA07001E1F0DA72A003BEE3D /* WordList.csv */; };
		DA57B1FA1F0D9EC100895E18 /* AppDelegate.swift in Sources */ = {isa = PBXBuildFile; fileRef = DA57B1F91F0D9EC100895E18 /* AppDelegate.swift */; };
		DA57B1FC1F0D9EC100895E18 /* MainVC.swift in Sources */ = {isa = PBXBuildFile; fileRef = DA57B1FB1F0D9EC100895E18 /* MainVC.swift */; };
		DA57B1FF1F0D9EC100895E18 /* Main.storyboard in Resources */ = {isa = PBXBuildFile; fileRef = DA57B1FD1F0D9EC100895E18 /* Main.storyboard */; };
		DA57B2011F0D9EC100895E18 /* Assets.xcassets in Resources */ = {isa = PBXBuildFile; fileRef = DA57B2001F0D9EC100895E18 /* Assets.xcassets */; };
		DA57B2041F0D9EC100895E18 /* LaunchScreen.storyboard in Resources */ = {isa = PBXBuildFile; fileRef = DA57B2021F0D9EC100895E18 /* LaunchScreen.storyboard */; };
/* End PBXBuildFile section */

/* Begin PBXFileReference section */
		DA0700181F0DA06B003BEE3D /* SwipeView.swift */ = {isa = PBXFileReference; fileEncoding = 4; lastKnownFileType = sourcecode.swift; path = SwipeView.swift; sourceTree = "<group>"; };
		DA07001A1F0DA0C2003BEE3D /* Utility.swift */ = {isa = PBXFileReference; fileEncoding = 4; lastKnownFileType = sourcecode.swift; path = Utility.swift; sourceTree = "<group>"; };
		DA07001C1F0DA15A003BEE3D /* WordPredictionEngine.swift */ = {isa = PBXFileReference; fileEncoding = 4; lastKnownFileType = sourcecode.swift; path = WordPredictionEngine.swift; sourceTree = "<group>"; };
		DA07001E1F0DA72A003BEE3D /* WordList.csv */ = {isa = PBXFileReference; fileEncoding = 4; lastKnownFileType = text; path = WordList.csv; sourceTree = "<group>"; };
		DA57B1F61F0D9EC100895E18 /* SwipeSpeak.app */ = {isa = PBXFileReference; explicitFileType = wrapper.application; includeInIndex = 0; path = SwipeSpeak.app; sourceTree = BUILT_PRODUCTS_DIR; };
		DA57B1F91F0D9EC100895E18 /* AppDelegate.swift */ = {isa = PBXFileReference; lastKnownFileType = sourcecode.swift; path = AppDelegate.swift; sourceTree = "<group>"; };
		DA57B1FB1F0D9EC100895E18 /* MainVC.swift */ = {isa = PBXFileReference; lastKnownFileType = sourcecode.swift; path = MainVC.swift; sourceTree = "<group>"; };
		DA57B1FE1F0D9EC100895E18 /* Base */ = {isa = PBXFileReference; lastKnownFileType = file.storyboard; name = Base; path = Base.lproj/Main.storyboard; sourceTree = "<group>"; };
		DA57B2001F0D9EC100895E18 /* Assets.xcassets */ = {isa = PBXFileReference; lastKnownFileType = folder.assetcatalog; path = Assets.xcassets; sourceTree = "<group>"; };
		DA57B2031F0D9EC100895E18 /* Base */ = {isa = PBXFileReference; lastKnownFileType = file.storyboard; name = Base; path = Base.lproj/LaunchScreen.storyboard; sourceTree = "<group>"; };
		DA57B2051F0D9EC100895E18 /* Info.plist */ = {isa = PBXFileReference; lastKnownFileType = text.plist.xml; path = Info.plist; sourceTree = "<group>"; };
/* End PBXFileReference section */

/* Begin PBXFrameworksBuildPhase section */
		DA57B1F31F0D9EC100895E18 /* Frameworks */ = {
			isa = PBXFrameworksBuildPhase;
			buildActionMask = 2147483647;
			files = (
			);
			runOnlyForDeploymentPostprocessing = 0;
		};
/* End PBXFrameworksBuildPhase section */

/* Begin PBXGroup section */
		DA57B1ED1F0D9EC100895E18 = {
			isa = PBXGroup;
			children = (
				DA57B1F81F0D9EC100895E18 /* SwipeSpeak */,
				DA57B1F71F0D9EC100895E18 /* Products */,
			);
			sourceTree = "<group>";
		};
		DA57B1F71F0D9EC100895E18 /* Products */ = {
			isa = PBXGroup;
			children = (
				DA57B1F61F0D9EC100895E18 /* SwipeSpeak.app */,
			);
			name = Products;
			sourceTree = "<group>";
		};
		DA57B1F81F0D9EC100895E18 /* SwipeSpeak */ = {
			isa = PBXGroup;
			children = (
				DA57B1F91F0D9EC100895E18 /* AppDelegate.swift */,
				DA57B1FB1F0D9EC100895E18 /* MainVC.swift */,
				DA07001C1F0DA15A003BEE3D /* WordPredictionEngine.swift */,
				DA0700181F0DA06B003BEE3D /* SwipeView.swift */,
				DA07001A1F0DA0C2003BEE3D /* Utility.swift */,
				DA07001E1F0DA72A003BEE3D /* WordList.csv */,
				DA57B1FD1F0D9EC100895E18 /* Main.storyboard */,
				DA57B2001F0D9EC100895E18 /* Assets.xcassets */,
				DA57B2021F0D9EC100895E18 /* LaunchScreen.storyboard */,
				DA57B2051F0D9EC100895E18 /* Info.plist */,
			);
			path = SwipeSpeak;
			sourceTree = "<group>";
		};
/* End PBXGroup section */

/* Begin PBXNativeTarget section */
		DA57B1F51F0D9EC100895E18 /* SwipeSpeak */ = {
			isa = PBXNativeTarget;
			buildConfigurationList = DA57B2081F0D9EC100895E18 /* Build configuration list for PBXNativeTarget "SwipeSpeak" */;
			buildPhases = (
				DA57B1F21F0D9EC100895E18 /* Sources */,
				DA57B1F31F0D9EC100895E18 /* Frameworks */,
				DA57B1F41F0D9EC100895E18 /* Resources */,
			);
			buildRules = (
			);
			dependencies = (
			);
			name = SwipeSpeak;
			productName = SwipeSpeak;
			productReference = DA57B1F61F0D9EC100895E18 /* SwipeSpeak.app */;
			productType = "com.apple.product-type.application";
		};
/* End PBXNativeTarget section */

/* Begin PBXProject section */
		DA57B1EE1F0D9EC100895E18 /* Project object */ = {
			isa = PBXProject;
			attributes = {
				LastSwiftUpdateCheck = 0830;
				LastUpgradeCheck = 0830;
				ORGANIZATIONNAME = TeamGleason;
				TargetAttributes = {
					DA57B1F51F0D9EC100895E18 = {
						CreatedOnToolsVersion = 8.3.2;
						DevelopmentTeam = DKZNRX975N;
						ProvisioningStyle = Automatic;
					};
				};
			};
			buildConfigurationList = DA57B1F11F0D9EC100895E18 /* Build configuration list for PBXProject "SwipeSpeak" */;
			compatibilityVersion = "Xcode 3.2";
			developmentRegion = English;
			hasScannedForEncodings = 0;
			knownRegions = (
				en,
				Base,
			);
			mainGroup = DA57B1ED1F0D9EC100895E18;
			productRefGroup = DA57B1F71F0D9EC100895E18 /* Products */;
			projectDirPath = "";
			projectRoot = "";
			targets = (
				DA57B1F51F0D9EC100895E18 /* SwipeSpeak */,
			);
		};
/* End PBXProject section */

/* Begin PBXResourcesBuildPhase section */
		DA57B1F41F0D9EC100895E18 /* Resources */ = {
			isa = PBXResourcesBuildPhase;
			buildActionMask = 2147483647;
			files = (
				DA57B2041F0D9EC100895E18 /* LaunchScreen.storyboard in Resources */,
				DA57B2011F0D9EC100895E18 /* Assets.xcassets in Resources */,
				DA07001F1F0DA72A003BEE3D /* WordList.csv in Resources */,
				DA57B1FF1F0D9EC100895E18 /* Main.storyboard in Resources */,
			);
			runOnlyForDeploymentPostprocessing = 0;
		};
/* End PBXResourcesBuildPhase section */

/* Begin PBXSourcesBuildPhase section */
		DA57B1F21F0D9EC100895E18 /* Sources */ = {
			isa = PBXSourcesBuildPhase;
			buildActionMask = 2147483647;
			files = (
				DA07001B1F0DA0C2003BEE3D /* Utility.swift in Sources */,
				DA0700191F0DA06B003BEE3D /* SwipeView.swift in Sources */,
				DA07001D1F0DA15A003BEE3D /* WordPredictionEngine.swift in Sources */,
				DA57B1FC1F0D9EC100895E18 /* MainVC.swift in Sources */,
				DA57B1FA1F0D9EC100895E18 /* AppDelegate.swift in Sources */,
			);
			runOnlyForDeploymentPostprocessing = 0;
		};
/* End PBXSourcesBuildPhase section */

/* Begin PBXVariantGroup section */
		DA57B1FD1F0D9EC100895E18 /* Main.storyboard */ = {
			isa = PBXVariantGroup;
			children = (
				DA57B1FE1F0D9EC100895E18 /* Base */,
			);
			name = Main.storyboard;
			sourceTree = "<group>";
		};
		DA57B2021F0D9EC100895E18 /* LaunchScreen.storyboard */ = {
			isa = PBXVariantGroup;
			children = (
				DA57B2031F0D9EC100895E18 /* Base */,
			);
			name = LaunchScreen.storyboard;
			sourceTree = "<group>";
		};
/* End PBXVariantGroup section */

/* Begin XCBuildConfiguration section */
		DA57B2061F0D9EC100895E18 /* Debug */ = {
			isa = XCBuildConfiguration;
			buildSettings = {
				ALWAYS_SEARCH_USER_PATHS = NO;
				CLANG_ANALYZER_NONNULL = YES;
				CLANG_ANALYZER_NUMBER_OBJECT_CONVERSION = YES_AGGRESSIVE;
				CLANG_CXX_LANGUAGE_STANDARD = "gnu++0x";
				CLANG_CXX_LIBRARY = "libc++";
				CLANG_ENABLE_MODULES = YES;
				CLANG_ENABLE_OBJC_ARC = YES;
				CLANG_WARN_BOOL_CONVERSION = YES;
				CLANG_WARN_CONSTANT_CONVERSION = YES;
				CLANG_WARN_DIRECT_OBJC_ISA_USAGE = YES_ERROR;
				CLANG_WARN_DOCUMENTATION_COMMENTS = YES;
				CLANG_WARN_EMPTY_BODY = YES;
				CLANG_WARN_ENUM_CONVERSION = YES;
				CLANG_WARN_INFINITE_RECURSION = YES;
				CLANG_WARN_INT_CONVERSION = YES;
				CLANG_WARN_OBJC_ROOT_CLASS = YES_ERROR;
				CLANG_WARN_SUSPICIOUS_MOVE = YES;
				CLANG_WARN_UNREACHABLE_CODE = YES;
				CLANG_WARN__DUPLICATE_METHOD_MATCH = YES;
				"CODE_SIGN_IDENTITY[sdk=iphoneos*]" = "iPhone Developer";
				COPY_PHASE_STRIP = NO;
				DEBUG_INFORMATION_FORMAT = dwarf;
				ENABLE_STRICT_OBJC_MSGSEND = YES;
				ENABLE_TESTABILITY = YES;
				GCC_C_LANGUAGE_STANDARD = gnu99;
				GCC_DYNAMIC_NO_PIC = NO;
				GCC_NO_COMMON_BLOCKS = YES;
				GCC_OPTIMIZATION_LEVEL = 0;
				GCC_PREPROCESSOR_DEFINITIONS = (
					"DEBUG=1",
					"$(inherited)",
				);
				GCC_WARN_64_TO_32_BIT_CONVERSION = YES;
				GCC_WARN_ABOUT_RETURN_TYPE = YES_ERROR;
				GCC_WARN_UNDECLARED_SELECTOR = YES;
				GCC_WARN_UNINITIALIZED_AUTOS = YES_AGGRESSIVE;
				GCC_WARN_UNUSED_FUNCTION = YES;
				GCC_WARN_UNUSED_VARIABLE = YES;
				IPHONEOS_DEPLOYMENT_TARGET = 10.3;
				MTL_ENABLE_DEBUG_INFO = YES;
				ONLY_ACTIVE_ARCH = YES;
				SDKROOT = iphoneos;
				SWIFT_ACTIVE_COMPILATION_CONDITIONS = DEBUG;
				SWIFT_OPTIMIZATION_LEVEL = "-Onone";
			};
			name = Debug;
		};
		DA57B2071F0D9EC100895E18 /* Release */ = {
			isa = XCBuildConfiguration;
			buildSettings = {
				ALWAYS_SEARCH_USER_PATHS = NO;
				CLANG_ANALYZER_NONNULL = YES;
				CLANG_ANALYZER_NUMBER_OBJECT_CONVERSION = YES_AGGRESSIVE;
				CLANG_CXX_LANGUAGE_STANDARD = "gnu++0x";
				CLANG_CXX_LIBRARY = "libc++";
				CLANG_ENABLE_MODULES = YES;
				CLANG_ENABLE_OBJC_ARC = YES;
				CLANG_WARN_BOOL_CONVERSION = YES;
				CLANG_WARN_CONSTANT_CONVERSION = YES;
				CLANG_WARN_DIRECT_OBJC_ISA_USAGE = YES_ERROR;
				CLANG_WARN_DOCUMENTATION_COMMENTS = YES;
				CLANG_WARN_EMPTY_BODY = YES;
				CLANG_WARN_ENUM_CONVERSION = YES;
				CLANG_WARN_INFINITE_RECURSION = YES;
				CLANG_WARN_INT_CONVERSION = YES;
				CLANG_WARN_OBJC_ROOT_CLASS = YES_ERROR;
				CLANG_WARN_SUSPICIOUS_MOVE = YES;
				CLANG_WARN_UNREACHABLE_CODE = YES;
				CLANG_WARN__DUPLICATE_METHOD_MATCH = YES;
				"CODE_SIGN_IDENTITY[sdk=iphoneos*]" = "iPhone Developer";
				COPY_PHASE_STRIP = NO;
				DEBUG_INFORMATION_FORMAT = "dwarf-with-dsym";
				ENABLE_NS_ASSERTIONS = NO;
				ENABLE_STRICT_OBJC_MSGSEND = YES;
				GCC_C_LANGUAGE_STANDARD = gnu99;
				GCC_NO_COMMON_BLOCKS = YES;
				GCC_WARN_64_TO_32_BIT_CONVERSION = YES;
				GCC_WARN_ABOUT_RETURN_TYPE = YES_ERROR;
				GCC_WARN_UNDECLARED_SELECTOR = YES;
				GCC_WARN_UNINITIALIZED_AUTOS = YES_AGGRESSIVE;
				GCC_WARN_UNUSED_FUNCTION = YES;
				GCC_WARN_UNUSED_VARIABLE = YES;
				IPHONEOS_DEPLOYMENT_TARGET = 10.3;
				MTL_ENABLE_DEBUG_INFO = NO;
				SDKROOT = iphoneos;
				SWIFT_OPTIMIZATION_LEVEL = "-Owholemodule";
				VALIDATE_PRODUCT = YES;
			};
			name = Release;
		};
		DA57B2091F0D9EC100895E18 /* Debug */ = {
			isa = XCBuildConfiguration;
			buildSettings = {
				ASSETCATALOG_COMPILER_APPICON_NAME = AppIcon;
				DEVELOPMENT_TEAM = DKZNRX975N;
				INFOPLIST_FILE = SwipeSpeak/Info.plist;
				LD_RUNPATH_SEARCH_PATHS = "$(inherited) @executable_path/Frameworks";
				PRODUCT_BUNDLE_IDENTIFIER = TeamGleason.SwipeSpeak;
				PRODUCT_NAME = "$(TARGET_NAME)";
				SWIFT_VERSION = 3.0;
			};
			name = Debug;
		};
		DA57B20A1F0D9EC100895E18 /* Release */ = {
			isa = XCBuildConfiguration;
			buildSettings = {
				ASSETCATALOG_COMPILER_APPICON_NAME = AppIcon;
				DEVELOPMENT_TEAM = DKZNRX975N;
				INFOPLIST_FILE = SwipeSpeak/Info.plist;
				LD_RUNPATH_SEARCH_PATHS = "$(inherited) @executable_path/Frameworks";
				PRODUCT_BUNDLE_IDENTIFIER = TeamGleason.SwipeSpeak;
				PRODUCT_NAME = "$(TARGET_NAME)";
				SWIFT_VERSION = 3.0;
			};
			name = Release;
		};
/* End XCBuildConfiguration section */

/* Begin XCConfigurationList section */
		DA57B1F11F0D9EC100895E18 /* Build configuration list for PBXProject "SwipeSpeak" */ = {
			isa = XCConfigurationList;
			buildConfigurations = (
				DA57B2061F0D9EC100895E18 /* Debug */,
				DA57B2071F0D9EC100895E18 /* Release */,
			);
			defaultConfigurationIsVisible = 0;
			defaultConfigurationName = Release;
		};
		DA57B2081F0D9EC100895E18 /* Build configuration list for PBXNativeTarget "SwipeSpeak" */ = {
			isa = XCConfigurationList;
			buildConfigurations = (
				DA57B2091F0D9EC100895E18 /* Debug */,
				DA57B20A1F0D9EC100895E18 /* Release */,
			);
			defaultConfigurationIsVisible = 0;
			defaultConfigurationName = Release;
		};
/* End XCConfigurationList section */
	};
	rootObject = DA57B1EE1F0D9EC100895E18 /* Project object */;
}
